Microsoft Visual Studio Solution File, Format Version 11.00
# Visual Studio 2008

Project("{34EA30AC-FAAA-70D0-4F22-E297FCA6C868}") = "-COMP305_V2SgamesPart3-master", "Assembly-CSharp.csproj", "{0F217C91-CFDE-D9B7-2FFD-E4A89F533365}"
EndProject
Project("{34EA30AC-FAAA-70D0-4F22-E297FCA6C868}") = "-COMP305_V2SgamesPart3-master", "Assembly-CSharp-Editor.csproj", "{7CA028A4-6767-C9C0-B215-AD5F36965ADE}"
EndProject
Global
	GlobalSection(SolutionConfigurationPlatforms) = preSolution
		Debug|Any CPU = Debug|Any CPU
		Release|Any CPU = Release|Any CPU
	EndGlobalSection
	GlobalSection(ProjectConfigurationPlatforms) = postSolution
		{0F217C91-CFDE-D9B7-2FFD-E4A89F533365}.Debug|Any CPU.ActiveCfg = Debug|Any CPU
		{0F217C91-CFDE-D9B7-2FFD-E4A89F533365}.Debug|Any CPU.Build.0 = Debug|Any CPU
		{0F217C91-CFDE-D9B7-2FFD-E4A89F533365}.Release|Any CPU.ActiveCfg = Release|Any CPU
		{0F217C91-CFDE-D9B7-2FFD-E4A89F533365}.Release|Any CPU.Build.0 = Release|Any CPU
		{7CA028A4-6767-C9C0-B215-AD5F36965ADE}.Debug|Any CPU.ActiveCfg = Debug|Any CPU
		{7CA028A4-6767-C9C0-B215-AD5F36965ADE}.Debug|Any CPU.Build.0 = Debug|Any CPU
		{7CA028A4-6767-C9C0-B215-AD5F36965ADE}.Release|Any CPU.ActiveCfg = Release|Any CPU
		{7CA028A4-6767-C9C0-B215-AD5F36965ADE}.Release|Any CPU.Build.0 = Release|Any CPU
	EndGlobalSection
	GlobalSection(SolutionProperties) = preSolution
		HideSolutionNode = FALSE
	EndGlobalSection
	GlobalSection(MonoDevelopProperties) = preSolution
		StartupItem = Assembly-CSharp.csproj
	EndGlobalSection
EndGlobal
